// !$*UTF8*$!
{
	archiveVersion = 1;
	classes = {
	};
	objectVersion = 56;
	objects = {

/* Begin PBXBuildFile section */
		6C9B85A62B461F52004162DB /* TwentyQuestionsApp.swift in Sources */ = {isa = PBXBuildFile; fileRef = 6C9B85A52B461F52004162DB /* TwentyQuestionsApp.swift */; };
		6C9B85A82B461F52004162DB /* ContentView.swift in Sources */ = {isa = PBXBuildFile; fileRef = 6C9B85A72B461F52004162DB /* ContentView.swift */; };
		6C9B85AA2B461F54004162DB /* Assets.xcassets in Resources */ = {isa = PBXBuildFile; fileRef = 6C9B85A92B461F54004162DB /* Assets.xcassets */; };
		6C9B85AD2B461F54004162DB /* Preview Assets.xcassets in Resources */ = {isa = PBXBuildFile; fileRef = 6C9B85AC2B461F54004162DB /* Preview Assets.xcassets */; };
		6C9B85B72B461F54004162DB /* TwentyQuestionsTests.swift in Sources */ = {isa = PBXBuildFile; fileRef = 6C9B85B62B461F54004162DB /* TwentyQuestionsTests.swift */; };
		6C9B85C12B461F54004162DB /* TwentyQuestionsUITests.swift in Sources */ = {isa = PBXBuildFile; fileRef = 6C9B85C02B461F54004162DB /* TwentyQuestionsUITests.swift */; };
		6C9B85C32B461F54004162DB /* TwentyQuestionsUITestsLaunchTests.swift in Sources */ = {isa = PBXBuildFile; fileRef = 6C9B85C22B461F54004162DB /* TwentyQuestionsUITestsLaunchTests.swift */; };
		6C9B85D32B46AA9D004162DB /* GameNodeModel.swift in Sources */ = {isa = PBXBuildFile; fileRef = 6C9B85D22B46AA9D004162DB /* GameNodeModel.swift */; };
		6C9B85D52B46AE52004162DB /* GameViewModel.swift in Sources */ = {isa = PBXBuildFile; fileRef = 6C9B85D42B46AE52004162DB /* GameViewModel.swift */; };
/* End PBXBuildFile section */

/* Begin PBXContainerItemProxy section */
		6C9B85B32B461F54004162DB /* PBXContainerItemProxy */ = {
			isa = PBXContainerItemProxy;
			containerPortal = 6C9B859A2B461F52004162DB /* Project object */;
			proxyType = 1;
			remoteGlobalIDString = 6C9B85A12B461F52004162DB;
			remoteInfo = TwentyQuestions;
		};
		6C9B85BD2B461F54004162DB /* PBXContainerItemProxy */ = {
			isa = PBXContainerItemProxy;
			containerPortal = 6C9B859A2B461F52004162DB /* Project object */;
			proxyType = 1;
			remoteGlobalIDString = 6C9B85A12B461F52004162DB;
			remoteInfo = TwentyQuestions;
		};
/* End PBXContainerItemProxy section */

/* Begin PBXFileReference section */
		6C9B85A22B461F52004162DB /* TwentyQuestions.app */ = {isa = PBXFileReference; explicitFileType = wrapper.application; includeInIndex = 0; path = TwentyQuestions.app; sourceTree = BUILT_PRODUCTS_DIR; };
		6C9B85A52B461F52004162DB /* TwentyQuestionsApp.swift */ = {isa = PBXFileReference; lastKnownFileType = sourcecode.swift; path = TwentyQuestionsApp.swift; sourceTree = "<group>"; };
		6C9B85A72B461F52004162DB /* ContentView.swift */ = {isa = PBXFileReference; lastKnownFileType = sourcecode.swift; path = ContentView.swift; sourceTree = "<group>"; };
		6C9B85A92B461F54004162DB /* Assets.xcassets */ = {isa = PBXFileReference; lastKnownFileType = folder.assetcatalog; path = Assets.xcassets; sourceTree = "<group>"; };
		6C9B85AC2B461F54004162DB /* Preview Assets.xcassets */ = {isa = PBXFileReference; lastKnownFileType = folder.assetcatalog; path = "Preview Assets.xcassets"; sourceTree = "<group>"; };
		6C9B85B22B461F54004162DB /* TwentyQuestionsTests.xctest */ = {isa = PBXFileReference; explicitFileType = wrapper.cfbundle; includeInIndex = 0; path = TwentyQuestionsTests.xctest; sourceTree = BUILT_PRODUCTS_DIR; };
		6C9B85B62B461F54004162DB /* TwentyQuestionsTests.swift */ = {isa = PBXFileReference; lastKnownFileType = sourcecode.swift; path = TwentyQuestionsTests.swift; sourceTree = "<group>"; };
		6C9B85BC2B461F54004162DB /* TwentyQuestionsUITests.xctest */ = {isa = PBXFileReference; explicitFileType = wrapper.cfbundle; includeInIndex = 0; path = TwentyQuestionsUITests.xctest; sourceTree = BUILT_PRODUCTS_DIR; };
		6C9B85C02B461F54004162DB /* TwentyQuestionsUITests.swift */ = {isa = PBXFileReference; lastKnownFileType = sourcecode.swift; path = TwentyQuestionsUITests.swift; sourceTree = "<group>"; };
		6C9B85C22B461F54004162DB /* TwentyQuestionsUITestsLaunchTests.swift */ = {isa = PBXFileReference; lastKnownFileType = sourcecode.swift; path = TwentyQuestionsUITestsLaunchTests.swift; sourceTree = "<group>"; };
		6C9B85D22B46AA9D004162DB /* GameNodeModel.swift */ = {isa = PBXFileReference; lastKnownFileType = sourcecode.swift; path = GameNodeModel.swift; sourceTree = "<group>"; };
		6C9B85D42B46AE52004162DB /* GameViewModel.swift */ = {isa = PBXFileReference; lastKnownFileType = sourcecode.swift; path = GameViewModel.swift; sourceTree = "<group>"; };
/* End PBXFileReference section */

/* Begin PBXFrameworksBuildPhase section */
		6C9B859F2B461F52004162DB /* Frameworks */ = {
			isa = PBXFrameworksBuildPhase;
			buildActionMask = 2147483647;
			files = (
			);
			runOnlyForDeploymentPostprocessing = 0;
		};
		6C9B85AF2B461F54004162DB /* Frameworks */ = {
			isa = PBXFrameworksBuildPhase;
			buildActionMask = 2147483647;
			files = (
			);
			runOnlyForDeploymentPostprocessing = 0;
		};
		6C9B85B92B461F54004162DB /* Frameworks */ = {
			isa = PBXFrameworksBuildPhase;
			buildActionMask = 2147483647;
			files = (
			);
			runOnlyForDeploymentPostprocessing = 0;
		};
/* End PBXFrameworksBuildPhase section */

/* Begin PBXGroup section */
		6C9B85992B461F52004162DB = {
			isa = PBXGroup;
			children = (
				6C9B85A42B461F52004162DB /* TwentyQuestions */,
				6C9B85B52B461F54004162DB /* TwentyQuestionsTests */,
				6C9B85BF2B461F54004162DB /* TwentyQuestionsUITests */,
				6C9B85A32B461F52004162DB /* Products */,
			);
			sourceTree = "<group>";
		};
		6C9B85A32B461F52004162DB /* Products */ = {
			isa = PBXGroup;
			children = (
				6C9B85A22B461F52004162DB /* TwentyQuestions.app */,
				6C9B85B22B461F54004162DB /* TwentyQuestionsTests.xctest */,
				6C9B85BC2B461F54004162DB /* TwentyQuestionsUITests.xctest */,
			);
			name = Products;
			sourceTree = "<group>";
		};
		6C9B85A42B461F52004162DB /* TwentyQuestions */ = {
			isa = PBXGroup;
			children = (
				6C9B85A52B461F52004162DB /* TwentyQuestionsApp.swift */,
				6C9B85A72B461F52004162DB /* ContentView.swift */,
				6C9B85CF2B461FB5004162DB /* Models */,
				6C9B85D02B461FC8004162DB /* Views */,
				6C9B85D12B461FD1004162DB /* ViewModels */,
				6C9B85A92B461F54004162DB /* Assets.xcassets */,
				6C9B85AB2B461F54004162DB /* Preview Content */,
			);
			path = TwentyQuestions;
			sourceTree = "<group>";
		};
		6C9B85AB2B461F54004162DB /* Preview Content */ = {
			isa = PBXGroup;
			children = (
				6C9B85AC2B461F54004162DB /* Preview Assets.xcassets */,
			);
			path = "Preview Content";
			sourceTree = "<group>";
		};
		6C9B85B52B461F54004162DB /* TwentyQuestionsTests */ = {
			isa = PBXGroup;
			children = (
				6C9B85B62B461F54004162DB /* TwentyQuestionsTests.swift */,
			);
			path = TwentyQuestionsTests;
			sourceTree = "<group>";
		};
		6C9B85BF2B461F54004162DB /* TwentyQuestionsUITests */ = {
			isa = PBXGroup;
			children = (
				6C9B85C02B461F54004162DB /* TwentyQuestionsUITests.swift */,
				6C9B85C22B461F54004162DB /* TwentyQuestionsUITestsLaunchTests.swift */,
			);
			path = TwentyQuestionsUITests;
			sourceTree = "<group>";
		};
		6C9B85CF2B461FB5004162DB /* Models */ = {
			isa = PBXGroup;
			children = (
				6C9B85D22B46AA9D004162DB /* GameNodeModel.swift */,
			);
			path = Models;
			sourceTree = "<group>";
		};
		6C9B85D02B461FC8004162DB /* Views */ = {
			isa = PBXGroup;
			children = (
			);
			path = Views;
			sourceTree = "<group>";
		};
		6C9B85D12B461FD1004162DB /* ViewModels */ = {
			isa = PBXGroup;
			children = (
				6C9B85D42B46AE52004162DB /* GameViewModel.swift */,
			);
			path = ViewModels;
			sourceTree = "<group>";
		};
/* End PBXGroup section */

/* Begin PBXNativeTarget section */
		6C9B85A12B461F52004162DB /* TwentyQuestions */ = {
			isa = PBXNativeTarget;
			buildConfigurationList = 6C9B85C62B461F54004162DB /* Build configuration list for PBXNativeTarget "TwentyQuestions" */;
			buildPhases = (
				6C9B859E2B461F52004162DB /* Sources */,
				6C9B859F2B461F52004162DB /* Frameworks */,
				6C9B85A02B461F52004162DB /* Resources */,
			);
			buildRules = (
			);
			dependencies = (
			);
			name = TwentyQuestions;
			productName = TwentyQuestions;
			productReference = 6C9B85A22B461F52004162DB /* TwentyQuestions.app */;
			productType = "com.apple.product-type.application";
		};
		6C9B85B12B461F54004162DB /* TwentyQuestionsTests */ = {
			isa = PBXNativeTarget;
			buildConfigurationList = 6C9B85C92B461F54004162DB /* Build configuration list for PBXNativeTarget "TwentyQuestionsTests" */;
			buildPhases = (
				6C9B85AE2B461F54004162DB /* Sources */,
				6C9B85AF2B461F54004162DB /* Frameworks */,
				6C9B85B02B461F54004162DB /* Resources */,
			);
			buildRules = (
			);
			dependencies = (
				6C9B85B42B461F54004162DB /* PBXTargetDependency */,
			);
			name = TwentyQuestionsTests;
			productName = TwentyQuestionsTests;
			productReference = 6C9B85B22B461F54004162DB /* TwentyQuestionsTests.xctest */;
			productType = "com.apple.product-type.bundle.unit-test";
		};
		6C9B85BB2B461F54004162DB /* TwentyQuestionsUITests */ = {
			isa = PBXNativeTarget;
			buildConfigurationList = 6C9B85CC2B461F54004162DB /* Build configuration list for PBXNativeTarget "TwentyQuestionsUITests" */;
			buildPhases = (
				6C9B85B82B461F54004162DB /* Sources */,
				6C9B85B92B461F54004162DB /* Frameworks */,
				6C9B85BA2B461F54004162DB /* Resources */,
			);
			buildRules = (
			);
			dependencies = (
				6C9B85BE2B461F54004162DB /* PBXTargetDependency */,
			);
			name = TwentyQuestionsUITests;
			productName = TwentyQuestionsUITests;
			productReference = 6C9B85BC2B461F54004162DB /* TwentyQuestionsUITests.xctest */;
			productType = "com.apple.product-type.bundle.ui-testing";
		};
/* End PBXNativeTarget section */

/* Begin PBXProject section */
		6C9B859A2B461F52004162DB /* Project object */ = {
			isa = PBXProject;
			attributes = {
				BuildIndependentTargetsInParallel = 1;
				LastSwiftUpdateCheck = 1510;
				LastUpgradeCheck = 1510;
				TargetAttributes = {
					6C9B85A12B461F52004162DB = {
						CreatedOnToolsVersion = 15.1;
					};
					6C9B85B12B461F54004162DB = {
						CreatedOnToolsVersion = 15.1;
						TestTargetID = 6C9B85A12B461F52004162DB;
					};
					6C9B85BB2B461F54004162DB = {
						CreatedOnToolsVersion = 15.1;
						TestTargetID = 6C9B85A12B461F52004162DB;
					};
				};
			};
			buildConfigurationList = 6C9B859D2B461F52004162DB /* Build configuration list for PBXProject "TwentyQuestions" */;
			compatibilityVersion = "Xcode 14.0";
			developmentRegion = en;
			hasScannedForEncodings = 0;
			knownRegions = (
				en,
				Base,
			);
			mainGroup = 6C9B85992B461F52004162DB;
			productRefGroup = 6C9B85A32B461F52004162DB /* Products */;
			projectDirPath = "";
			projectRoot = "";
			targets = (
				6C9B85A12B461F52004162DB /* TwentyQuestions */,
				6C9B85B12B461F54004162DB /* TwentyQuestionsTests */,
				6C9B85BB2B461F54004162DB /* TwentyQuestionsUITests */,
			);
		};
/* End PBXProject section */

/* Begin PBXResourcesBuildPhase section */
		6C9B85A02B461F52004162DB /* Resources */ = {
			isa = PBXResourcesBuildPhase;
			buildActionMask = 2147483647;
			files = (
				6C9B85AD2B461F54004162DB /* Preview Assets.xcassets in Resources */,
				6C9B85AA2B461F54004162DB /* Assets.xcassets in Resources */,
			);
			runOnlyForDeploymentPostprocessing = 0;
		};
		6C9B85B02B461F54004162DB /* Resources */ = {
			isa = PBXResourcesBuildPhase;
			buildActionMask = 2147483647;
			files = (
			);
			runOnlyForDeploymentPostprocessing = 0;
		};
		6C9B85BA2B461F54004162DB /* Resources */ = {
			isa = PBXResourcesBuildPhase;
			buildActionMask = 2147483647;
			files = (
			);
			runOnlyForDeploymentPostprocessing = 0;
		};
/* End PBXResourcesBuildPhase section */

/* Begin PBXSourcesBuildPhase section */
		6C9B859E2B461F52004162DB /* Sources */ = {
			isa = PBXSourcesBuildPhase;
			buildActionMask = 2147483647;
			files = (
				6C9B85D52B46AE52004162DB /* GameViewModel.swift in Sources */,
				6C9B85A82B461F52004162DB /* ContentView.swift in Sources */,
				6C9B85D32B46AA9D004162DB /* GameNodeModel.swift in Sources */,
				6C9B85A62B461F52004162DB /* TwentyQuestionsApp.swift in Sources */,
			);
			runOnlyForDeploymentPostprocessing = 0;
		};
		6C9B85AE2B461F54004162DB /* Sources */ = {
			isa = PBXSourcesBuildPhase;
			buildActionMask = 2147483647;
			files = (
				6C9B85B72B461F54004162DB /* TwentyQuestionsTests.swift in Sources */,
			);
			runOnlyForDeploymentPostprocessing = 0;
		};
		6C9B85B82B461F54004162DB /* Sources */ = {
			isa = PBXSourcesBuildPhase;
			buildActionMask = 2147483647;
			files = (
				6C9B85C12B461F54004162DB /* TwentyQuestionsUITests.swift in Sources */,
				6C9B85C32B461F54004162DB /* TwentyQuestionsUITestsLaunchTests.swift in Sources */,
			);
			runOnlyForDeploymentPostprocessing = 0;
		};
/* End PBXSourcesBuildPhase section */

/* Begin PBXTargetDependency section */
		6C9B85B42B461F54004162DB /* PBXTargetDependency */ = {
			isa = PBXTargetDependency;
			target = 6C9B85A12B461F52004162DB /* TwentyQuestions */;
			targetProxy = 6C9B85B32B461F54004162DB /* PBXContainerItemProxy */;
		};
		6C9B85BE2B461F54004162DB /* PBXTargetDependency */ = {
			isa = PBXTargetDependency;
			target = 6C9B85A12B461F52004162DB /* TwentyQuestions */;
			targetProxy = 6C9B85BD2B461F54004162DB /* PBXContainerItemProxy */;
		};
/* End PBXTargetDependency section */

/* Begin XCBuildConfiguration section */
		6C9B85C42B461F54004162DB /* Debug */ = {
			isa = XCBuildConfiguration;
			buildSettings = {
				ALWAYS_SEARCH_USER_PATHS = NO;
				ASSETCATALOG_COMPILER_GENERATE_SWIFT_ASSET_SYMBOL_EXTENSIONS = YES;
				CLANG_ANALYZER_NONNULL = YES;
				CLANG_ANALYZER_NUMBER_OBJECT_CONVERSION = YES_AGGRESSIVE;
				CLANG_CXX_LANGUAGE_STANDARD = "gnu++20";
				CLANG_ENABLE_MODULES = YES;
				CLANG_ENABLE_OBJC_ARC = YES;
				CLANG_ENABLE_OBJC_WEAK = YES;
				CLANG_WARN_BLOCK_CAPTURE_AUTORELEASING = YES;
				CLANG_WARN_BOOL_CONVERSION = YES;
				CLANG_WARN_COMMA = YES;
				CLANG_WARN_CONSTANT_CONVERSION = YES;
				CLANG_WARN_DEPRECATED_OBJC_IMPLEMENTATIONS = YES;
				CLANG_WARN_DIRECT_OBJC_ISA_USAGE = YES_ERROR;
				CLANG_WARN_DOCUMENTATION_COMMENTS = YES;
				CLANG_WARN_EMPTY_BODY = YES;
				CLANG_WARN_ENUM_CONVERSION = YES;
				CLANG_WARN_INFINITE_RECURSION = YES;
				CLANG_WARN_INT_CONVERSION = YES;
				CLANG_WARN_NON_LITERAL_NULL_CONVERSION = YES;
				CLANG_WARN_OBJC_IMPLICIT_RETAIN_SELF = YES;
				CLANG_WARN_OBJC_LITERAL_CONVERSION = YES;
				CLANG_WARN_OBJC_ROOT_CLASS = YES_ERROR;
				CLANG_WARN_QUOTED_INCLUDE_IN_FRAMEWORK_HEADER = YES;
				CLANG_WARN_RANGE_LOOP_ANALYSIS = YES;
				CLANG_WARN_STRICT_PROTOTYPES = YES;
				CLANG_WARN_SUSPICIOUS_MOVE = YES;
				CLANG_WARN_UNGUARDED_AVAILABILITY = YES_AGGRESSIVE;
				CLANG_WARN_UNREACHABLE_CODE = YES;
				CLANG_WARN__DUPLICATE_METHOD_MATCH = YES;
				COPY_PHASE_STRIP = NO;
				DEBUG_INFORMATION_FORMAT = dwarf;
				ENABLE_STRICT_OBJC_MSGSEND = YES;
				ENABLE_TESTABILITY = YES;
				ENABLE_USER_SCRIPT_SANDBOXING = YES;
				GCC_C_LANGUAGE_STANDARD = gnu17;
				GCC_DYNAMIC_NO_PIC = NO;
				GCC_NO_COMMON_BLOCKS = YES;
				GCC_OPTIMIZATION_LEVEL = 0;
				GCC_PREPROCESSOR_DEFINITIONS = (
					"DEBUG=1",
					"$(inherited)",
				);
				GCC_WARN_64_TO_32_BIT_CONVERSION = YES;
				GCC_WARN_ABOUT_RETURN_TYPE = YES_ERROR;
				GCC_WARN_UNDECLARED_SELECTOR = YES;
				GCC_WARN_UNINITIALIZED_AUTOS = YES_AGGRESSIVE;
				GCC_WARN_UNUSED_FUNCTION = YES;
				GCC_WARN_UNUSED_VARIABLE = YES;
				IPHONEOS_DEPLOYMENT_TARGET = 17.2;
				LOCALIZATION_PREFERS_STRING_CATALOGS = YES;
				MTL_ENABLE_DEBUG_INFO = INCLUDE_SOURCE;
				MTL_FAST_MATH = YES;
				ONLY_ACTIVE_ARCH = YES;
				SDKROOT = iphoneos;
				SWIFT_ACTIVE_COMPILATION_CONDITIONS = "DEBUG $(inherited)";
				SWIFT_OPTIMIZATION_LEVEL = "-Onone";
			};
			name = Debug;
		};
		6C9B85C52B461F54004162DB /* Release */ = {
			isa = XCBuildConfiguration;
			buildSettings = {
				ALWAYS_SEARCH_USER_PATHS = NO;
				ASSETCATALOG_COMPILER_GENERATE_SWIFT_ASSET_SYMBOL_EXTENSIONS = YES;
				CLANG_ANALYZER_NONNULL = YES;
				CLANG_ANALYZER_NUMBER_OBJECT_CONVERSION = YES_AGGRESSIVE;
				CLANG_CXX_LANGUAGE_STANDARD = "gnu++20";
				CLANG_ENABLE_MODULES = YES;
				CLANG_ENABLE_OBJC_ARC = YES;
				CLANG_ENABLE_OBJC_WEAK = YES;
				CLANG_WARN_BLOCK_CAPTURE_AUTORELEASING = YES;
				CLANG_WARN_BOOL_CONVERSION = YES;
				CLANG_WARN_COMMA = YES;
				CLANG_WARN_CONSTANT_CONVERSION = YES;
				CLANG_WARN_DEPRECATED_OBJC_IMPLEMENTATIONS = YES;
				CLANG_WARN_DIRECT_OBJC_ISA_USAGE = YES_ERROR;
				CLANG_WARN_DOCUMENTATION_COMMENTS = YES;
				CLANG_WARN_EMPTY_BODY = YES;
				CLANG_WARN_ENUM_CONVERSION = YES;
				CLANG_WARN_INFINITE_RECURSION = YES;
				CLANG_WARN_INT_CONVERSION = YES;
				CLANG_WARN_NON_LITERAL_NULL_CONVERSION = YES;
				CLANG_WARN_OBJC_IMPLICIT_RETAIN_SELF = YES;
				CLANG_WARN_OBJC_LITERAL_CONVERSION = YES;
				CLANG_WARN_OBJC_ROOT_CLASS = YES_ERROR;
				CLANG_WARN_QUOTED_INCLUDE_IN_FRAMEWORK_HEADER = YES;
				CLANG_WARN_RANGE_LOOP_ANALYSIS = YES;
				CLANG_WARN_STRICT_PROTOTYPES = YES;
				CLANG_WARN_SUSPICIOUS_MOVE = YES;
				CLANG_WARN_UNGUARDED_AVAILABILITY = YES_AGGRESSIVE;
				CLANG_WARN_UNREACHABLE_CODE = YES;
				CLANG_WARN__DUPLICATE_METHOD_MATCH = YES;
				COPY_PHASE_STRIP = NO;
				DEBUG_INFORMATION_FORMAT = "dwarf-with-dsym";
				ENABLE_NS_ASSERTIONS = NO;
				ENABLE_STRICT_OBJC_MSGSEND = YES;
				ENABLE_USER_SCRIPT_SANDBOXING = YES;
				GCC_C_LANGUAGE_STANDARD = gnu17;
				GCC_NO_COMMON_BLOCKS = YES;
				GCC_WARN_64_TO_32_BIT_CONVERSION = YES;
				GCC_WARN_ABOUT_RETURN_TYPE = YES_ERROR;
				GCC_WARN_UNDECLARED_SELECTOR = YES;
				GCC_WARN_UNINITIALIZED_AUTOS = YES_AGGRESSIVE;
				GCC_WARN_UNUSED_FUNCTION = YES;
				GCC_WARN_UNUSED_VARIABLE = YES;
				IPHONEOS_DEPLOYMENT_TARGET = 17.2;
				LOCALIZATION_PREFERS_STRING_CATALOGS = YES;
				MTL_ENABLE_DEBUG_INFO = NO;
				MTL_FAST_MATH = YES;
				SDKROOT = iphoneos;
				SWIFT_COMPILATION_MODE = wholemodule;
				VALIDATE_PRODUCT = YES;
			};
			name = Release;
		};
		6C9B85C72B461F54004162DB /* Debug */ = {
			isa = XCBuildConfiguration;
			buildSettings = {
				ASSETCATALOG_COMPILER_APPICON_NAME = AppIcon;
				ASSETCATALOG_COMPILER_GLOBAL_ACCENT_COLOR_NAME = AccentColor;
				CODE_SIGN_STYLE = Automatic;
				CURRENT_PROJECT_VERSION = 1;
				DEVELOPMENT_ASSET_PATHS = "\"TwentyQuestions/Preview Content\"";
				ENABLE_PREVIEWS = YES;
				GENERATE_INFOPLIST_FILE = YES;
				INFOPLIST_KEY_UIApplicationSceneManifest_Generation = YES;
				INFOPLIST_KEY_UIApplicationSupportsIndirectInputEvents = YES;
				INFOPLIST_KEY_UILaunchScreen_Generation = YES;
				INFOPLIST_KEY_UISupportedInterfaceOrientations_iPad = "UIInterfaceOrientationPortrait UIInterfaceOrientationPortraitUpsideDown UIInterfaceOrientationLandscapeLeft UIInterfaceOrientationLandscapeRight";
				INFOPLIST_KEY_UISupportedInterfaceOrientations_iPhone = "UIInterfaceOrientationPortrait UIInterfaceOrientationLandscapeLeft UIInterfaceOrientationLandscapeRight";
				LD_RUNPATH_SEARCH_PATHS = (
					"$(inherited)",
					"@executable_path/Frameworks",
				);
				MARKETING_VERSION = 1.0;
				PRODUCT_BUNDLE_IDENTIFIER = com.kennethrathbun.TwentyQuestions;
				PRODUCT_NAME = "$(TARGET_NAME)";
				SWIFT_EMIT_LOC_STRINGS = YES;
				SWIFT_VERSION = 5.0;
				TARGETED_DEVICE_FAMILY = "1,2";
			};
			name = Debug;
		};
		6C9B85C82B461F54004162DB /* Release */ = {
			isa = XCBuildConfiguration;
			buildSettings = {
				ASSETCATALOG_COMPILER_APPICON_NAME = AppIcon;
				ASSETCATALOG_COMPILER_GLOBAL_ACCENT_COLOR_NAME = AccentColor;
				CODE_SIGN_STYLE = Automatic;
				CURRENT_PROJECT_VERSION = 1;
				DEVELOPMENT_ASSET_PATHS = "\"TwentyQuestions/Preview Content\"";
				ENABLE_PREVIEWS = YES;
				GENERATE_INFOPLIST_FILE = YES;
				INFOPLIST_KEY_UIApplicationSceneManifest_Generation = YES;
				INFOPLIST_KEY_UIApplicationSupportsIndirectInputEvents = YES;
				INFOPLIST_KEY_UILaunchScreen_Generation = YES;
				INFOPLIST_KEY_UISupportedInterfaceOrientations_iPad = "UIInterfaceOrientationPortrait UIInterfaceOrientationPortraitUpsideDown UIInterfaceOrientationLandscapeLeft UIInterfaceOrientationLandscapeRight";
				INFOPLIST_KEY_UISupportedInterfaceOrientations_iPhone = "UIInterfaceOrientationPortrait UIInterfaceOrientationLandscapeLeft UIInterfaceOrientationLandscapeRight";
				LD_RUNPATH_SEARCH_PATHS = (
					"$(inherited)",
					"@executable_path/Frameworks",
				);
				MARKETING_VERSION = 1.0;
				PRODUCT_BUNDLE_IDENTIFIER = com.kennethrathbun.TwentyQuestions;
				PRODUCT_NAME = "$(TARGET_NAME)";
				SWIFT_EMIT_LOC_STRINGS = YES;
				SWIFT_VERSION = 5.0;
				TARGETED_DEVICE_FAMILY = "1,2";
			};
			name = Release;
		};
		6C9B85CA2B461F54004162DB /* Debug */ = {
			isa = XCBuildConfiguration;
			buildSettings = {
				ALWAYS_EMBED_SWIFT_STANDARD_LIBRARIES = YES;
				BUNDLE_LOADER = "$(TEST_HOST)";
				CODE_SIGN_STYLE = Automatic;
				CURRENT_PROJECT_VERSION = 1;
				GENERATE_INFOPLIST_FILE = YES;
				IPHONEOS_DEPLOYMENT_TARGET = 17.2;
				MARKETING_VERSION = 1.0;
				PRODUCT_BUNDLE_IDENTIFIER = com.kennethrathbun.TwentyQuestionsTests;
				PRODUCT_NAME = "$(TARGET_NAME)";
				SWIFT_EMIT_LOC_STRINGS = NO;
				SWIFT_VERSION = 5.0;
				TARGETED_DEVICE_FAMILY = "1,2";
				TEST_HOST = "$(BUILT_PRODUCTS_DIR)/TwentyQuestions.app/$(BUNDLE_EXECUTABLE_FOLDER_PATH)/TwentyQuestions";
			};
			name = Debug;
		};
		6C9B85CB2B461F54004162DB /* Release */ = {
			isa = XCBuildConfiguration;
			buildSettings = {
				ALWAYS_EMBED_SWIFT_STANDARD_LIBRARIES = YES;
				BUNDLE_LOADER = "$(TEST_HOST)";
				CODE_SIGN_STYLE = Automatic;
				CURRENT_PROJECT_VERSION = 1;
				GENERATE_INFOPLIST_FILE = YES;
				IPHONEOS_DEPLOYMENT_TARGET = 17.2;
				MARKETING_VERSION = 1.0;
				PRODUCT_BUNDLE_IDENTIFIER = com.kennethrathbun.TwentyQuestionsTests;
				PRODUCT_NAME = "$(TARGET_NAME)";
				SWIFT_EMIT_LOC_STRINGS = NO;
				SWIFT_VERSION = 5.0;
				TARGETED_DEVICE_FAMILY = "1,2";
				TEST_HOST = "$(BUILT_PRODUCTS_DIR)/TwentyQuestions.app/$(BUNDLE_EXECUTABLE_FOLDER_PATH)/TwentyQuestions";
			};
			name = Release;
		};
		6C9B85CD2B461F54004162DB /* Debug */ = {
			isa = XCBuildConfiguration;
			buildSettings = {
				ALWAYS_EMBED_SWIFT_STANDARD_LIBRARIES = YES;
				CODE_SIGN_STYLE = Automatic;
				CURRENT_PROJECT_VERSION = 1;
				GENERATE_INFOPLIST_FILE = YES;
				MARKETING_VERSION = 1.0;
				PRODUCT_BUNDLE_IDENTIFIER = com.kennethrathbun.TwentyQuestionsUITests;
				PRODUCT_NAME = "$(TARGET_NAME)";
				SWIFT_EMIT_LOC_STRINGS = NO;
				SWIFT_VERSION = 5.0;
				TARGETED_DEVICE_FAMILY = "1,2";
				TEST_TARGET_NAME = TwentyQuestions;
			};
			name = Debug;
		};
		6C9B85CE2B461F54004162DB /* Release */ = {
			isa = XCBuildConfiguration;
			buildSettings = {
				ALWAYS_EMBED_SWIFT_STANDARD_LIBRARIES = YES;
				CODE_SIGN_STYLE = Automatic;
				CURRENT_PROJECT_VERSION = 1;
				GENERATE_INFOPLIST_FILE = YES;
				MARKETING_VERSION = 1.0;
				PRODUCT_BUNDLE_IDENTIFIER = com.kennethrathbun.TwentyQuestionsUITests;
				PRODUCT_NAME = "$(TARGET_NAME)";
				SWIFT_EMIT_LOC_STRINGS = NO;
				SWIFT_VERSION = 5.0;
				TARGETED_DEVICE_FAMILY = "1,2";
				TEST_TARGET_NAME = TwentyQuestions;
			};
			name = Release;
		};
/* End XCBuildConfiguration section */

/* Begin XCConfigurationList section */
		6C9B859D2B461F52004162DB /* Build configuration list for PBXProject "TwentyQuestions" */ = {
			isa = XCConfigurationList;
			buildConfigurations = (
				6C9B85C42B461F54004162DB /* Debug */,
				6C9B85C52B461F54004162DB /* Release */,
			);
			defaultConfigurationIsVisible = 0;
			defaultConfigurationName = Release;
		};
		6C9B85C62B461F54004162DB /* Build configuration list for PBXNativeTarget "TwentyQuestions" */ = {
			isa = XCConfigurationList;
			buildConfigurations = (
				6C9B85C72B461F54004162DB /* Debug */,
				6C9B85C82B461F54004162DB /* Release */,
			);
			defaultConfigurationIsVisible = 0;
			defaultConfigurationName = Release;
		};
		6C9B85C92B461F54004162DB /* Build configuration list for PBXNativeTarget "TwentyQuestionsTests" */ = {
			isa = XCConfigurationList;
			buildConfigurations = (
				6C9B85CA2B461F54004162DB /* Debug */,
				6C9B85CB2B461F54004162DB /* Release */,
			);
			defaultConfigurationIsVisible = 0;
			defaultConfigurationName = Release;
		};
		6C9B85CC2B461F54004162DB /* Build configuration list for PBXNativeTarget "TwentyQuestionsUITests" */ = {
			isa = XCConfigurationList;
			buildConfigurations = (
				6C9B85CD2B461F54004162DB /* Debug */,
				6C9B85CE2B461F54004162DB /* Release */,
			);
			defaultConfigurationIsVisible = 0;
			defaultConfigurationName = Release;
		};
/* End XCConfigurationList section */
	};
	rootObject = 6C9B859A2B461F52004162DB /* Project object */;
}
